# THIS IS AN AUTOGENERATED FILE. DO NOT EDIT THIS FILE DIRECTLY.
# yarn lockfile v1


"@types/prop-types@*":
  version "15.7.3"
  resolved "https://registry.yarnpkg.com/@types/prop-types/-/prop-types-15.7.3.tgz#2ab0d5da2e5815f94b0b9d4b95d1e5f243ab2ca7"
  integrity sha512-KfRL3PuHmqQLOG+2tGpRO26Ctg+Cq1E01D2DMriKEATHgWLfeNDmq9e29Q9WIky0dQ3NPkd1mzYH8Lm936Z9qw==

"@types/react@^16.7.3":
  version "16.9.41"
  resolved "https://registry.yarnpkg.com/@types/react/-/react-16.9.41.tgz#925137ee4d2ff406a0ecf29e8e9237390844002e"
  integrity sha512-6cFei7F7L4wwuM+IND/Q2cV1koQUvJ8iSV+Gwn0c3kvABZ691g7sp3hfEQHOUBJtccl1gPi+EyNjMIl9nGA0ug==
  dependencies:
    "@types/prop-types" "*"
    csstype "^2.2.0"

bind-decorator@^1.0.11:
  version "1.0.11"
  resolved "https://registry.yarnpkg.com/bind-decorator/-/bind-decorator-1.0.11.tgz#e41bc06a1f65dd9cec476c91c5daf3978488252f"
  integrity sha1-5BvAah9l3ZzsR2yRxdrzl4SIJS8=

classnames@^2.2.6:
  version "2.2.6"
  resolved "https://registry.yarnpkg.com/classnames/-/classnames-2.2.6.tgz#43935bffdd291f326dad0a205309b38d00f650ce"
  integrity sha512-JR/iSQOSt+LQIWwrwEzJ9uk0xfN3mTVYMwt1Ir5mUcSN6pU+V4zQFFaJsclJbPuAUQH+yfWef6tm7l1quW3C8Q==

csstype@^2.2.0:
  version "2.6.10"
  resolved "https://registry.yarnpkg.com/csstype/-/csstype-2.6.10.tgz#e63af50e66d7c266edb6b32909cfd0aabe03928b"
  integrity sha512-D34BqZU4cIlMCY93rZHbrq9pjTAQJ3U8S8rfBqjwHxkGPThWFjzZDQpgMJY0QViLxth6ZKYiwFBo14RdN44U/w==

dayjs@^1.7.7:
  version "1.8.28"
  resolved "https://registry.yarnpkg.com/dayjs/-/dayjs-1.8.28.tgz#37aa6201df483d089645cb6c8f6cef6f0c4dbc07"
  integrity sha512-ccnYgKC0/hPSGXxj7Ju6AV/BP4HUkXC2u15mikXT5mX9YorEaoi1bEKOmAqdkJHN4EEkmAf97SpH66Try5Mbeg==

"js-tokens@^3.0.0 || ^4.0.0":
  version "4.0.0"
  resolved "https://registry.yarnpkg.com/js-tokens/-/js-tokens-4.0.0.tgz#19203fb59991df98e3a287050d4647cdeaf32499"
  integrity sha512-RdJUflcE3cUzKiMqQgsCu06FPu9UdIJO0beYbPhHN4k6apgJtifcoCtT9bcxOpYBtpD2kCM6Sbzg4CausW/PKQ==

lodash@^4.17.10:
  version "4.17.15"
  resolved "https://registry.yarnpkg.com/lodash/-/lodash-4.17.15.tgz#b447f6670a0455bbfeedd11392eff330ea097548"
  integrity sha512-8xOcRHvCjnocdS5cpwXQXVzmmh5e5+saE2QGoeQmbKmRS6J3VQppPOIt0MnmE+4xlZoumy0GPG0D0MVIQbNA1A==

loose-envify@^1.4.0:
  version "1.4.0"
  resolved "https://registry.yarnpkg.com/loose-envify/-/loose-envify-1.4.0.tgz#71ee51fa7be4caec1a63839f7e682d8132d30caf"
  integrity sha512-lyuxPGr/Wfhrlem2CL/UcnUc1zcqKAImBDzukY7Y5F/yQiNdko6+fRLevlw1HgMySw7f611UIY408EtxRSoK3Q==
  dependencies:
    js-tokens "^3.0.0 || ^4.0.0"

object-assign@^4.1.1:
  version "4.1.1"
  resolved "https://registry.yarnpkg.com/object-assign/-/object-assign-4.1.1.tgz#2109adc7965887cfc05cbbd442cac8bfbb360863"
  integrity sha1-IQmtx5ZYh8/AXLvUQsrIv7s2CGM=

prop-types@^15.6.2:
  version "15.7.2"
  resolved "https://registry.yarnpkg.com/prop-types/-/prop-types-15.7.2.tgz#52c41e75b8c87e72b9d9360e0206b99dcbffa6c5"
  integrity sha512-8QQikdH7//R2vurIJSutZ1smHYTcLpRWEOlHnzcWHmBYrOGUysKwSsrC89BCiFj3CbrfJ/nXFdJepOVrY1GCHQ==
  dependencies:
    loose-envify "^1.4.0"
    object-assign "^4.1.1"
    react-is "^16.8.1"

react-is@^16.8.1:
  version "16.13.1"
  resolved "https://registry.yarnpkg.com/react-is/-/react-is-16.13.1.tgz#789729a4dc36de2999dc156dd6c1d9c18cea56a4"
  integrity sha512-24e6ynE2H+OKt4kqsOvNd8kBpV65zoxbA4BVsEOB3ARVWQki/DHzaUoC5KuON/BiccDaCCTZBuOcfZs70kR8bQ==

taro-ui@^2.3.4:
  version "2.3.4"
  resolved "https://registry.yarnpkg.com/taro-ui/-/taro-ui-2.3.4.tgz#a7a2cdd67b2b4a49d10c351d89def4d28b9bb192"
  integrity sha512-qjAGO75bIvBGaOlpbnRKecTjmQIzJZjieFuz2UsfSJHnyGgOhlFviWWHPLQQGE2tFcjC0Zol0BDnO4r87JjdSw==
  dependencies:
    "@types/react" "^16.7.3"
    bind-decorator "^1.0.11"
    classnames "^2.2.6"
    dayjs "^1.7.7"
    lodash "^4.17.10"
    prop-types "^15.6.2"
